
Microsoft Visual Studio Solution File, Format Version 12.00
Project("{2150E333-8FDC-42A3-9474-1A3956D46DE8}") = "src", "src", "{1CCC8851-A9E0-45BE-B361-F90279706327}"
EndProject
Project("{2150E333-8FDC-42A3-9474-1A3956D46DE8}") = "Core", "Core", "{F81874C4-802B-4D9B-8F50-ACAC5F72ED56}"
EndProject
Project("{2150E333-8FDC-42A3-9474-1A3956D46DE8}") = "Application", "Application", "{76196142-4352-44EA-A787-F85F5FF28E85}"
EndProject
Project("{2150E333-8FDC-42A3-9474-1A3956D46DE8}") = "Domain", "Domain", "{BCFB7ACA-73A1-41C9-A25E-79EBC2751581}"
EndProject
Project("{FAE04EC0-301F-11D3-BF4B-00C04F79EFBC}") = "AudiT.Domain", "AudiT.Domain\AudiT.Domain.csproj", "{C556A3C9-A646-44AA-8A20-FE07B74FE91F}"
EndProject
Project("{2150E333-8FDC-42A3-9474-1A3956D46DE8}") = "Infrastructure", "Infrastructure", "{317DE1C9-60F7-4AA2-8941-FA0B64C74BA5}"
EndProject
Project("{FAE04EC0-301F-11D3-BF4B-00C04F79EFBC}") = "AudIT.Infrastructure", "AudIT.Infrastructure\AudIT.Infrastructure.csproj", "{A5071C58-7CA9-4F80-AAA5-6D792FB1603D}"
EndProject
Project("{2150E333-8FDC-42A3-9474-1A3956D46DE8}") = "testing", "testing", "{BCA4D5BA-86B3-406F-A556-6283620D66DD}"
EndProject
Project("{FAE04EC0-301F-11D3-BF4B-00C04F79EFBC}") = "ConsoleApp1", "ConsoleApp1\ConsoleApp1.csproj", "{34AC31A8-D49D-4B24-97BC-C22D0AF56C70}"
EndProject
Project("{FAE04EC0-301F-11D3-BF4B-00C04F79EFBC}") = "AudIT.Application", "AudIT.Application\AudIT.Application.csproj", "{CE1AAE64-18CB-4C05-BA52-0B0C2EDFEF75}"
EndProject
Project("{2150E333-8FDC-42A3-9474-1A3956D46DE8}") = "API", "API", "{090BE095-6CF4-491A-BCFB-5827ABC1087B}"
EndProject
Project("{FAE04EC0-301F-11D3-BF4B-00C04F79EFBC}") = "AudIT.API", "AudIT.API\AudIT.API.csproj", "{280660C2-3EB3-4395-A83E-44864A9ECCC4}"
EndProject
Project("{FAE04EC0-301F-11D3-BF4B-00C04F79EFBC}") = "UnitTesting", "Testing\UnitTesting\UnitTesting.csproj", "{80728087-E264-4BD9-B1BF-C888F621D7E7}"
EndProject
Global
	GlobalSection(SolutionConfigurationPlatforms) = preSolution
		Debug|Any CPU = Debug|Any CPU
		Release|Any CPU = Release|Any CPU
	EndGlobalSection
	GlobalSection(ProjectConfigurationPlatforms) = postSolution
		{C556A3C9-A646-44AA-8A20-FE07B74FE91F}.Debug|Any CPU.ActiveCfg = Debug|Any CPU
		{C556A3C9-A646-44AA-8A20-FE07B74FE91F}.Debug|Any CPU.Build.0 = Debug|Any CPU
		{C556A3C9-A646-44AA-8A20-FE07B74FE91F}.Release|Any CPU.ActiveCfg = Release|Any CPU
		{C556A3C9-A646-44AA-8A20-FE07B74FE91F}.Release|Any CPU.Build.0 = Release|Any CPU
		{A5071C58-7CA9-4F80-AAA5-6D792FB1603D}.Debug|Any CPU.ActiveCfg = Debug|Any CPU
		{A5071C58-7CA9-4F80-AAA5-6D792FB1603D}.Debug|Any CPU.Build.0 = Debug|Any CPU
		{A5071C58-7CA9-4F80-AAA5-6D792FB1603D}.Release|Any CPU.ActiveCfg = Release|Any CPU
		{A5071C58-7CA9-4F80-AAA5-6D792FB1603D}.Release|Any CPU.Build.0 = Release|Any CPU
		{34AC31A8-D49D-4B24-97BC-C22D0AF56C70}.Debug|Any CPU.ActiveCfg = Debug|Any CPU
		{34AC31A8-D49D-4B24-97BC-C22D0AF56C70}.Debug|Any CPU.Build.0 = Debug|Any CPU
		{34AC31A8-D49D-4B24-97BC-C22D0AF56C70}.Release|Any CPU.ActiveCfg = Release|Any CPU
		{34AC31A8-D49D-4B24-97BC-C22D0AF56C70}.Release|Any CPU.Build.0 = Release|Any CPU
		{CE1AAE64-18CB-4C05-BA52-0B0C2EDFEF75}.Debug|Any CPU.ActiveCfg = Debug|Any CPU
		{CE1AAE64-18CB-4C05-BA52-0B0C2EDFEF75}.Debug|Any CPU.Build.0 = Debug|Any CPU
		{CE1AAE64-18CB-4C05-BA52-0B0C2EDFEF75}.Release|Any CPU.ActiveCfg = Release|Any CPU
		{CE1AAE64-18CB-4C05-BA52-0B0C2EDFEF75}.Release|Any CPU.Build.0 = Release|Any CPU
		{280660C2-3EB3-4395-A83E-44864A9ECCC4}.Debug|Any CPU.ActiveCfg = Debug|Any CPU
		{280660C2-3EB3-4395-A83E-44864A9ECCC4}.Debug|Any CPU.Build.0 = Debug|Any CPU
		{280660C2-3EB3-4395-A83E-44864A9ECCC4}.Release|Any CPU.ActiveCfg = Release|Any CPU
		{280660C2-3EB3-4395-A83E-44864A9ECCC4}.Release|Any CPU.Build.0 = Release|Any CPU
		{80728087-E264-4BD9-B1BF-C888F621D7E7}.Debug|Any CPU.ActiveCfg = Debug|Any CPU
		{80728087-E264-4BD9-B1BF-C888F621D7E7}.Debug|Any CPU.Build.0 = Debug|Any CPU
		{80728087-E264-4BD9-B1BF-C888F621D7E7}.Release|Any CPU.ActiveCfg = Release|Any CPU
		{80728087-E264-4BD9-B1BF-C888F621D7E7}.Release|Any CPU.Build.0 = Release|Any CPU
	EndGlobalSection
	GlobalSection(NestedProjects) = preSolution
		{F81874C4-802B-4D9B-8F50-ACAC5F72ED56} = {1CCC8851-A9E0-45BE-B361-F90279706327}
		{76196142-4352-44EA-A787-F85F5FF28E85} = {F81874C4-802B-4D9B-8F50-ACAC5F72ED56}
		{BCFB7ACA-73A1-41C9-A25E-79EBC2751581} = {F81874C4-802B-4D9B-8F50-ACAC5F72ED56}
		{C556A3C9-A646-44AA-8A20-FE07B74FE91F} = {BCFB7ACA-73A1-41C9-A25E-79EBC2751581}
		{317DE1C9-60F7-4AA2-8941-FA0B64C74BA5} = {1CCC8851-A9E0-45BE-B361-F90279706327}
		{A5071C58-7CA9-4F80-AAA5-6D792FB1603D} = {317DE1C9-60F7-4AA2-8941-FA0B64C74BA5}
		{34AC31A8-D49D-4B24-97BC-C22D0AF56C70} = {BCA4D5BA-86B3-406F-A556-6283620D66DD}
		{CE1AAE64-18CB-4C05-BA52-0B0C2EDFEF75} = {76196142-4352-44EA-A787-F85F5FF28E85}
		{090BE095-6CF4-491A-BCFB-5827ABC1087B} = {1CCC8851-A9E0-45BE-B361-F90279706327}
		{280660C2-3EB3-4395-A83E-44864A9ECCC4} = {090BE095-6CF4-491A-BCFB-5827ABC1087B}
		{80728087-E264-4BD9-B1BF-C888F621D7E7} = {BCA4D5BA-86B3-406F-A556-6283620D66DD}
	EndGlobalSection
EndGlobal
